
Microsoft Visual Studio Solution File, Format Version 12.00
# Visual Studio 15
VisualStudioVersion = 15.0.27703.2047
MinimumVisualStudioVersion = 10.0.40219.1
Project("{8BC9CEB8-8B4A-11D0-8D11-00A0C91BC942}") = "robco_pc", "robco_pc\robco_pc.vcxproj", "{123A8B56-23C7-40DF-BA74-706990D783DE}"
EndProject
Global
	GlobalSection(SolutionConfigurationPlatforms) = preSolution
		Debug|x64 = Debug|x64
		Debug|x86 = Debug|x86
		Release|x64 = Release|x64
		Release|x86 = Release|x86
	EndGlobalSection
	GlobalSection(ProjectConfigurationPlatforms) = postSolution
		{123A8B56-23C7-40DF-BA74-706990D783DE}.Debug|x64.ActiveCfg = Debug|x64
		{123A8B56-23C7-40DF-BA74-706990D783DE}.Debug|x64.Build.0 = Debug|x64
		{123A8B56-23C7-40DF-BA74-706990D783DE}.Debug|x86.ActiveCfg = Debug|Win32
		{123A8B56-23C7-40DF-BA74-706990D783DE}.Debug|x86.Build.0 = Debug|Win32
		{123A8B56-23C7-40DF-BA74-706990D783DE}.Release|x64.ActiveCfg = Release|x64
		{123A8B56-23C7-40DF-BA74-706990D783DE}.Release|x64.Build.0 = Release|x64
		{123A8B56-23C7-40DF-BA74-706990D783DE}.Release|x86.ActiveCfg = Release|Win32
		{123A8B56-23C7-40DF-BA74-706990D783DE}.Release|x86.Build.0 = Release|Win32
	EndGlobalSection
	GlobalSection(SolutionProperties) = preSolution
		HideSolutionNode = FALSE
	EndGlobalSection
	GlobalSection(ExtensibilityGlobals) = postSolution
		SolutionGuid = {564F23B5-33DF-45F6-8A21-EC571756CFD6}
	EndGlobalSection
EndGlobal
